// !$*UTF8*$!
{
	archiveVersion = 1;
	classes = {
	};
	objectVersion = 56;
	objects = {

/* Begin PBXBuildFile section */
		1845040A2C528B4000F0B226 /* AppDelegate.swift in Sources */ = {isa = PBXBuildFile; fileRef = 184504092C528B4000F0B226 /* AppDelegate.swift */; };
		1845040C2C528B4000F0B226 /* SceneDelegate.swift in Sources */ = {isa = PBXBuildFile; fileRef = 1845040B2C528B4000F0B226 /* SceneDelegate.swift */; };
		184504132C528B4100F0B226 /* Assets.xcassets in Resources */ = {isa = PBXBuildFile; fileRef = 184504122C528B4100F0B226 /* Assets.xcassets */; };
		184504162C528B4100F0B226 /* Base in Resources */ = {isa = PBXBuildFile; fileRef = 184504152C528B4100F0B226 /* Base */; };
		1845041E2C528C6600F0B226 /* TabBarVC.swift in Sources */ = {isa = PBXBuildFile; fileRef = 1845041D2C528C6600F0B226 /* TabBarVC.swift */; };
		184504202C528CA000F0B226 /* HomeVC.swift in Sources */ = {isa = PBXBuildFile; fileRef = 1845041F2C528CA000F0B226 /* HomeVC.swift */; };
		184504222C528CAC00F0B226 /* SearchVC.swift in Sources */ = {isa = PBXBuildFile; fileRef = 184504212C528CAC00F0B226 /* SearchVC.swift */; };
		184504242C528CBB00F0B226 /* BookmarksVC.swift in Sources */ = {isa = PBXBuildFile; fileRef = 184504232C528CBB00F0B226 /* BookmarksVC.swift */; };
		184504262C528CC600F0B226 /* WatchVC.swift in Sources */ = {isa = PBXBuildFile; fileRef = 184504252C528CC600F0B226 /* WatchVC.swift */; };
/* End PBXBuildFile section */

/* Begin PBXFileReference section */
		184504062C528B4000F0B226 /* MusicApp.app */ = {isa = PBXFileReference; explicitFileType = wrapper.application; includeInIndex = 0; path = MusicApp.app; sourceTree = BUILT_PRODUCTS_DIR; };
		184504092C528B4000F0B226 /* AppDelegate.swift */ = {isa = PBXFileReference; lastKnownFileType = sourcecode.swift; path = AppDelegate.swift; sourceTree = "<group>"; };
		1845040B2C528B4000F0B226 /* SceneDelegate.swift */ = {isa = PBXFileReference; lastKnownFileType = sourcecode.swift; path = SceneDelegate.swift; sourceTree = "<group>"; };
		184504122C528B4100F0B226 /* Assets.xcassets */ = {isa = PBXFileReference; lastKnownFileType = folder.assetcatalog; path = Assets.xcassets; sourceTree = "<group>"; };
		184504152C528B4100F0B226 /* Base */ = {isa = PBXFileReference; lastKnownFileType = file.storyboard; name = Base; path = Base.lproj/LaunchScreen.storyboard; sourceTree = "<group>"; };
		184504172C528B4100F0B226 /* Info.plist */ = {isa = PBXFileReference; lastKnownFileType = text.plist.xml; path = Info.plist; sourceTree = "<group>"; };
		1845041D2C528C6600F0B226 /* TabBarVC.swift */ = {isa = PBXFileReference; lastKnownFileType = sourcecode.swift; path = TabBarVC.swift; sourceTree = "<group>"; };
		1845041F2C528CA000F0B226 /* HomeVC.swift */ = {isa = PBXFileReference; lastKnownFileType = sourcecode.swift; path = HomeVC.swift; sourceTree = "<group>"; };
		184504212C528CAC00F0B226 /* SearchVC.swift */ = {isa = PBXFileReference; lastKnownFileType = sourcecode.swift; path = SearchVC.swift; sourceTree = "<group>"; };
		184504232C528CBB00F0B226 /* BookmarksVC.swift */ = {isa = PBXFileReference; lastKnownFileType = sourcecode.swift; path = BookmarksVC.swift; sourceTree = "<group>"; };
		184504252C528CC600F0B226 /* WatchVC.swift */ = {isa = PBXFileReference; lastKnownFileType = sourcecode.swift; path = WatchVC.swift; sourceTree = "<group>"; };
/* End PBXFileReference section */

/* Begin PBXFrameworksBuildPhase section */
		184504032C528B4000F0B226 /* Frameworks */ = {
			isa = PBXFrameworksBuildPhase;
			buildActionMask = 2147483647;
			files = (
			);
			runOnlyForDeploymentPostprocessing = 0;
		};
/* End PBXFrameworksBuildPhase section */

/* Begin PBXGroup section */
		18158EB52C60E26D0029D229 /* Network */ = {
			isa = PBXGroup;
			children = (
			);
			path = Network;
			sourceTree = "<group>";
		};
		18158EB62C60E2760029D229 /* Helper */ = {
			isa = PBXGroup;
			children = (
			);
			path = Helper;
			sourceTree = "<group>";
		};
		18158EB72C60E27D0029D229 /* Model */ = {
			isa = PBXGroup;
			children = (
			);
			path = Model;
			sourceTree = "<group>";
		};
		18158EB82C60E2840029D229 /* Scene */ = {
			isa = PBXGroup;
			children = (
				18158EB92C60E39F0029D229 /* Home */,
				18158EBA2C60E3B30029D229 /* Search */,
				18158EBC2C60E3DC0029D229 /* Bookmarks */,
				18158EBB2C60E3C80029D229 /* Youtube */,
			);
			path = Scene;
			sourceTree = "<group>";
		};
		18158EB92C60E39F0029D229 /* Home */ = {
			isa = PBXGroup;
			children = (
				1845041F2C528CA000F0B226 /* HomeVC.swift */,
			);
			path = Home;
			sourceTree = "<group>";
		};
		18158EBA2C60E3B30029D229 /* Search */ = {
			isa = PBXGroup;
			children = (
				184504212C528CAC00F0B226 /* SearchVC.swift */,
			);
			path = Search;
			sourceTree = "<group>";
		};
		18158EBB2C60E3C80029D229 /* Youtube */ = {
			isa = PBXGroup;
			children = (
				184504252C528CC600F0B226 /* WatchVC.swift */,
			);
			path = Youtube;
			sourceTree = "<group>";
		};
		18158EBC2C60E3DC0029D229 /* Bookmarks */ = {
			isa = PBXGroup;
			children = (
				184504232C528CBB00F0B226 /* BookmarksVC.swift */,
			);
			path = Bookmarks;
			sourceTree = "<group>";
		};
		184503FD2C528B4000F0B226 = {
			isa = PBXGroup;
			children = (
				184504082C528B4000F0B226 /* MusicApp */,
				184504072C528B4000F0B226 /* Products */,
			);
			sourceTree = "<group>";
		};
		184504072C528B4000F0B226 /* Products */ = {
			isa = PBXGroup;
			children = (
				184504062C528B4000F0B226 /* MusicApp.app */,
			);
			name = Products;
			sourceTree = "<group>";
		};
		184504082C528B4000F0B226 /* MusicApp */ = {
			isa = PBXGroup;
			children = (
				184504092C528B4000F0B226 /* AppDelegate.swift */,
				1845040B2C528B4000F0B226 /* SceneDelegate.swift */,
				1845041D2C528C6600F0B226 /* TabBarVC.swift */,
				18158EB52C60E26D0029D229 /* Network */,
				18158EB72C60E27D0029D229 /* Model */,
				18158EB62C60E2760029D229 /* Helper */,
				18158EB82C60E2840029D229 /* Scene */,
				184504122C528B4100F0B226 /* Assets.xcassets */,
				184504142C528B4100F0B226 /* LaunchScreen.storyboard */,
				184504172C528B4100F0B226 /* Info.plist */,
			);
			path = MusicApp;
			sourceTree = "<group>";
		};
/* End PBXGroup section */

/* Begin PBXNativeTarget section */
		184504052C528B4000F0B226 /* MusicApp */ = {
			isa = PBXNativeTarget;
			buildConfigurationList = 1845041A2C528B4100F0B226 /* Build configuration list for PBXNativeTarget "MusicApp" */;
			buildPhases = (
				184504022C528B4000F0B226 /* Sources */,
				184504032C528B4000F0B226 /* Frameworks */,
				184504042C528B4000F0B226 /* Resources */,
			);
			buildRules = (
			);
			dependencies = (
			);
			name = MusicApp;
			productName = MusicApp;
			productReference = 184504062C528B4000F0B226 /* MusicApp.app */;
			productType = "com.apple.product-type.application";
		};
/* End PBXNativeTarget section */

/* Begin PBXProject section */
		184503FE2C528B4000F0B226 /* Project object */ = {
			isa = PBXProject;
			attributes = {
				BuildIndependentTargetsInParallel = 1;
				LastSwiftUpdateCheck = 1540;
				LastUpgradeCheck = 1540;
				TargetAttributes = {
					184504052C528B4000F0B226 = {
						CreatedOnToolsVersion = 15.4;
					};
				};
			};
			buildConfigurationList = 184504012C528B4000F0B226 /* Build configuration list for PBXProject "MusicApp" */;
			compatibilityVersion = "Xcode 14.0";
			developmentRegion = en;
			hasScannedForEncodings = 0;
			knownRegions = (
				en,
				Base,
			);
			mainGroup = 184503FD2C528B4000F0B226;
			productRefGroup = 184504072C528B4000F0B226 /* Products */;
			projectDirPath = "";
			projectRoot = "";
			targets = (
				184504052C528B4000F0B226 /* MusicApp */,
			);
		};
/* End PBXProject section */

/* Begin PBXResourcesBuildPhase section */
		184504042C528B4000F0B226 /* Resources */ = {
			isa = PBXResourcesBuildPhase;
			buildActionMask = 2147483647;
			files = (
				184504132C528B4100F0B226 /* Assets.xcassets in Resources */,
				184504162C528B4100F0B226 /* Base in Resources */,
			);
			runOnlyForDeploymentPostprocessing = 0;
		};
/* End PBXResourcesBuildPhase section */

/* Begin PBXSourcesBuildPhase section */
		184504022C528B4000F0B226 /* Sources */ = {
			isa = PBXSourcesBuildPhase;
			buildActionMask = 2147483647;
			files = (
				1845040A2C528B4000F0B226 /* AppDelegate.swift in Sources */,
				184504222C528CAC00F0B226 /* SearchVC.swift in Sources */,
				184504202C528CA000F0B226 /* HomeVC.swift in Sources */,
				184504262C528CC600F0B226 /* WatchVC.swift in Sources */,
				1845041E2C528C6600F0B226 /* TabBarVC.swift in Sources */,
				184504242C528CBB00F0B226 /* BookmarksVC.swift in Sources */,
				1845040C2C528B4000F0B226 /* SceneDelegate.swift in Sources */,
			);
			runOnlyForDeploymentPostprocessing = 0;
		};
/* End PBXSourcesBuildPhase section */

/* Begin PBXVariantGroup section */
		184504142C528B4100F0B226 /* LaunchScreen.storyboard */ = {
			isa = PBXVariantGroup;
			children = (
				184504152C528B4100F0B226 /* Base */,
			);
			name = LaunchScreen.storyboard;
			sourceTree = "<group>";
		};
/* End PBXVariantGroup section */

/* Begin XCBuildConfiguration section */
		184504182C528B4100F0B226 /* Debug */ = {
			isa = XCBuildConfiguration;
			buildSettings = {
				ALWAYS_SEARCH_USER_PATHS = NO;
				ASSETCATALOG_COMPILER_GENERATE_SWIFT_ASSET_SYMBOL_EXTENSIONS = YES;
				CLANG_ANALYZER_NONNULL = YES;
				CLANG_ANALYZER_NUMBER_OBJECT_CONVERSION = YES_AGGRESSIVE;
				CLANG_CXX_LANGUAGE_STANDARD = "gnu++20";
				CLANG_ENABLE_MODULES = YES;
				CLANG_ENABLE_OBJC_ARC = YES;
				CLANG_ENABLE_OBJC_WEAK = YES;
				CLANG_WARN_BLOCK_CAPTURE_AUTORELEASING = YES;
				CLANG_WARN_BOOL_CONVERSION = YES;
				CLANG_WARN_COMMA = YES;
				CLANG_WARN_CONSTANT_CONVERSION = YES;
				CLANG_WARN_DEPRECATED_OBJC_IMPLEMENTATIONS = YES;
				CLANG_WARN_DIRECT_OBJC_ISA_USAGE = YES_ERROR;
				CLANG_WARN_DOCUMENTATION_COMMENTS = YES;
				CLANG_WARN_EMPTY_BODY = YES;
				CLANG_WARN_ENUM_CONVERSION = YES;
				CLANG_WARN_INFINITE_RECURSION = YES;
				CLANG_WARN_INT_CONVERSION = YES;
				CLANG_WARN_NON_LITERAL_NULL_CONVERSION = YES;
				CLANG_WARN_OBJC_IMPLICIT_RETAIN_SELF = YES;
				CLANG_WARN_OBJC_LITERAL_CONVERSION = YES;
				CLANG_WARN_OBJC_ROOT_CLASS = YES_ERROR;
				CLANG_WARN_QUOTED_INCLUDE_IN_FRAMEWORK_HEADER = YES;
				CLANG_WARN_RANGE_LOOP_ANALYSIS = YES;
				CLANG_WARN_STRICT_PROTOTYPES = YES;
				CLANG_WARN_SUSPICIOUS_MOVE = YES;
				CLANG_WARN_UNGUARDED_AVAILABILITY = YES_AGGRESSIVE;
				CLANG_WARN_UNREACHABLE_CODE = YES;
				CLANG_WARN__DUPLICATE_METHOD_MATCH = YES;
				COPY_PHASE_STRIP = NO;
				DEBUG_INFORMATION_FORMAT = dwarf;
				ENABLE_STRICT_OBJC_MSGSEND = YES;
				ENABLE_TESTABILITY = YES;
				ENABLE_USER_SCRIPT_SANDBOXING = YES;
				GCC_C_LANGUAGE_STANDARD = gnu17;
				GCC_DYNAMIC_NO_PIC = NO;
				GCC_NO_COMMON_BLOCKS = YES;
				GCC_OPTIMIZATION_LEVEL = 0;
				GCC_PREPROCESSOR_DEFINITIONS = (
					"DEBUG=1",
					"$(inherited)",
				);
				GCC_WARN_64_TO_32_BIT_CONVERSION = YES;
				GCC_WARN_ABOUT_RETURN_TYPE = YES_ERROR;
				GCC_WARN_UNDECLARED_SELECTOR = YES;
				GCC_WARN_UNINITIALIZED_AUTOS = YES_AGGRESSIVE;
				GCC_WARN_UNUSED_FUNCTION = YES;
				GCC_WARN_UNUSED_VARIABLE = YES;
				IPHONEOS_DEPLOYMENT_TARGET = 17.5;
				LOCALIZATION_PREFERS_STRING_CATALOGS = YES;
				MTL_ENABLE_DEBUG_INFO = INCLUDE_SOURCE;
				MTL_FAST_MATH = YES;
				ONLY_ACTIVE_ARCH = YES;
				SDKROOT = iphoneos;
				SWIFT_ACTIVE_COMPILATION_CONDITIONS = "DEBUG $(inherited)";
				SWIFT_OPTIMIZATION_LEVEL = "-Onone";
			};
			name = Debug;
		};
		184504192C528B4100F0B226 /* Release */ = {
			isa = XCBuildConfiguration;
			buildSettings = {
				ALWAYS_SEARCH_USER_PATHS = NO;
				ASSETCATALOG_COMPILER_GENERATE_SWIFT_ASSET_SYMBOL_EXTENSIONS = YES;
				CLANG_ANALYZER_NONNULL = YES;
				CLANG_ANALYZER_NUMBER_OBJECT_CONVERSION = YES_AGGRESSIVE;
				CLANG_CXX_LANGUAGE_STANDARD = "gnu++20";
				CLANG_ENABLE_MODULES = YES;
				CLANG_ENABLE_OBJC_ARC = YES;
				CLANG_ENABLE_OBJC_WEAK = YES;
				CLANG_WARN_BLOCK_CAPTURE_AUTORELEASING = YES;
				CLANG_WARN_BOOL_CONVERSION = YES;
				CLANG_WARN_COMMA = YES;
				CLANG_WARN_CONSTANT_CONVERSION = YES;
				CLANG_WARN_DEPRECATED_OBJC_IMPLEMENTATIONS = YES;
				CLANG_WARN_DIRECT_OBJC_ISA_USAGE = YES_ERROR;
				CLANG_WARN_DOCUMENTATION_COMMENTS = YES;
				CLANG_WARN_EMPTY_BODY = YES;
				CLANG_WARN_ENUM_CONVERSION = YES;
				CLANG_WARN_INFINITE_RECURSION = YES;
				CLANG_WARN_INT_CONVERSION = YES;
				CLANG_WARN_NON_LITERAL_NULL_CONVERSION = YES;
				CLANG_WARN_OBJC_IMPLICIT_RETAIN_SELF = YES;
				CLANG_WARN_OBJC_LITERAL_CONVERSION = YES;
				CLANG_WARN_OBJC_ROOT_CLASS = YES_ERROR;
				CLANG_WARN_QUOTED_INCLUDE_IN_FRAMEWORK_HEADER = YES;
				CLANG_WARN_RANGE_LOOP_ANALYSIS = YES;
				CLANG_WARN_STRICT_PROTOTYPES = YES;
				CLANG_WARN_SUSPICIOUS_MOVE = YES;
				CLANG_WARN_UNGUARDED_AVAILABILITY = YES_AGGRESSIVE;
				CLANG_WARN_UNREACHABLE_CODE = YES;
				CLANG_WARN__DUPLICATE_METHOD_MATCH = YES;
				COPY_PHASE_STRIP = NO;
				DEBUG_INFORMATION_FORMAT = "dwarf-with-dsym";
				ENABLE_NS_ASSERTIONS = NO;
				ENABLE_STRICT_OBJC_MSGSEND = YES;
				ENABLE_USER_SCRIPT_SANDBOXING = YES;
				GCC_C_LANGUAGE_STANDARD = gnu17;
				GCC_NO_COMMON_BLOCKS = YES;
				GCC_WARN_64_TO_32_BIT_CONVERSION = YES;
				GCC_WARN_ABOUT_RETURN_TYPE = YES_ERROR;
				GCC_WARN_UNDECLARED_SELECTOR = YES;
				GCC_WARN_UNINITIALIZED_AUTOS = YES_AGGRESSIVE;
				GCC_WARN_UNUSED_FUNCTION = YES;
				GCC_WARN_UNUSED_VARIABLE = YES;
				IPHONEOS_DEPLOYMENT_TARGET = 17.5;
				LOCALIZATION_PREFERS_STRING_CATALOGS = YES;
				MTL_ENABLE_DEBUG_INFO = NO;
				MTL_FAST_MATH = YES;
				SDKROOT = iphoneos;
				SWIFT_COMPILATION_MODE = wholemodule;
				VALIDATE_PRODUCT = YES;
			};
			name = Release;
		};
		1845041B2C528B4100F0B226 /* Debug */ = {
			isa = XCBuildConfiguration;
			buildSettings = {
				ASSETCATALOG_COMPILER_APPICON_NAME = AppIcon;
				ASSETCATALOG_COMPILER_GLOBAL_ACCENT_COLOR_NAME = AccentColor;
				CODE_SIGN_STYLE = Automatic;
				CURRENT_PROJECT_VERSION = 1;
				GENERATE_INFOPLIST_FILE = YES;
				INFOPLIST_FILE = MusicApp/Info.plist;
				INFOPLIST_KEY_UIApplicationSupportsIndirectInputEvents = YES;
				INFOPLIST_KEY_UILaunchStoryboardName = LaunchScreen;
				INFOPLIST_KEY_UISupportedInterfaceOrientations_iPad = "UIInterfaceOrientationPortrait UIInterfaceOrientationPortraitUpsideDown UIInterfaceOrientationLandscapeLeft UIInterfaceOrientationLandscapeRight";
				INFOPLIST_KEY_UISupportedInterfaceOrientations_iPhone = "UIInterfaceOrientationPortrait UIInterfaceOrientationLandscapeLeft UIInterfaceOrientationLandscapeRight";
				LD_RUNPATH_SEARCH_PATHS = (
					"$(inherited)",
					"@executable_path/Frameworks",
				);
				MARKETING_VERSION = 1.0;
				PRODUCT_BUNDLE_IDENTIFIER = com.seymur.MusicApp;
				PRODUCT_NAME = "$(TARGET_NAME)";
				SWIFT_EMIT_LOC_STRINGS = YES;
				SWIFT_VERSION = 5.0;
				TARGETED_DEVICE_FAMILY = "1,2";
			};
			name = Debug;
		};
		1845041C2C528B4100F0B226 /* Release */ = {
			isa = XCBuildConfiguration;
			buildSettings = {
				ASSETCATALOG_COMPILER_APPICON_NAME = AppIcon;
				ASSETCATALOG_COMPILER_GLOBAL_ACCENT_COLOR_NAME = AccentColor;
				CODE_SIGN_STYLE = Automatic;
				CURRENT_PROJECT_VERSION = 1;
				GENERATE_INFOPLIST_FILE = YES;
				INFOPLIST_FILE = MusicApp/Info.plist;
				INFOPLIST_KEY_UIApplicationSupportsIndirectInputEvents = YES;
				INFOPLIST_KEY_UILaunchStoryboardName = LaunchScreen;
				INFOPLIST_KEY_UISupportedInterfaceOrientations_iPad = "UIInterfaceOrientationPortrait UIInterfaceOrientationPortraitUpsideDown UIInterfaceOrientationLandscapeLeft UIInterfaceOrientationLandscapeRight";
				INFOPLIST_KEY_UISupportedInterfaceOrientations_iPhone = "UIInterfaceOrientationPortrait UIInterfaceOrientationLandscapeLeft UIInterfaceOrientationLandscapeRight";
				LD_RUNPATH_SEARCH_PATHS = (
					"$(inherited)",
					"@executable_path/Frameworks",
				);
				MARKETING_VERSION = 1.0;
				PRODUCT_BUNDLE_IDENTIFIER = com.seymur.MusicApp;
				PRODUCT_NAME = "$(TARGET_NAME)";
				SWIFT_EMIT_LOC_STRINGS = YES;
				SWIFT_VERSION = 5.0;
				TARGETED_DEVICE_FAMILY = "1,2";
			};
			name = Release;
		};
/* End XCBuildConfiguration section */

/* Begin XCConfigurationList section */
		184504012C528B4000F0B226 /* Build configuration list for PBXProject "MusicApp" */ = {
			isa = XCConfigurationList;
			buildConfigurations = (
				184504182C528B4100F0B226 /* Debug */,
				184504192C528B4100F0B226 /* Release */,
			);
			defaultConfigurationIsVisible = 0;
			defaultConfigurationName = Release;
		};
		1845041A2C528B4100F0B226 /* Build configuration list for PBXNativeTarget "MusicApp" */ = {
			isa = XCConfigurationList;
			buildConfigurations = (
				1845041B2C528B4100F0B226 /* Debug */,
				1845041C2C528B4100F0B226 /* Release */,
			);
			defaultConfigurationIsVisible = 0;
			defaultConfigurationName = Release;
		};
/* End XCConfigurationList section */
	};
	rootObject = 184503FE2C528B4000F0B226 /* Project object */;
}
